
Microsoft Visual Studio Solution File, Format Version 12.00
# Visual Studio 15
VisualStudioVersion = 15.0.27130.2024
MinimumVisualStudioVersion = 10.0.40219.1
Project("{FAE04EC0-301F-11D3-BF4B-00C04F79EFBC}") = "NoticeTime", "NoticeTime.csproj", "{774E17B8-9144-4456-986A-EEA38C15B007}"
EndProject
Global
	GlobalSection(SolutionConfigurationPlatforms) = preSolution
		Debug|Any CPU = Debug|Any CPU
		Release|Any CPU = Release|Any CPU
	EndGlobalSection
	GlobalSection(ProjectConfigurationPlatforms) = postSolution
		{774E17B8-9144-4456-986A-EEA38C15B007}.Debug|Any CPU.ActiveCfg = Debug|Any CPU
		{774E17B8-9144-4456-986A-EEA38C15B007}.Debug|Any CPU.Build.0 = Debug|Any CPU
		{774E17B8-9144-4456-986A-EEA38C15B007}.Release|Any CPU.ActiveCfg = Release|Any CPU
		{774E17B8-9144-4456-986A-EEA38C15B007}.Release|Any CPU.Build.0 = Release|Any CPU
	EndGlobalSection
	GlobalSection(SolutionProperties) = preSolution
		HideSolutionNode = FALSE
	EndGlobalSection
	GlobalSection(ExtensibilityGlobals) = postSolution
		SolutionGuid = {78090CCC-70D7-49A7-9E15-02CFBF769811}
	EndGlobalSection
EndGlobal
